
Microsoft Visual Studio Solution File, Format Version 12.00
# Visual Studio Version 16
VisualStudioVersion = 16.0.31424.327
MinimumVisualStudioVersion = 10.0.40219.1
Project("{FAE04EC0-301F-11D3-BF4B-00C04F79EFBC}") = "LaundryApps", "LaundryApps.csproj", "{930FB46F-481C-4545-8CB7-FCCE0469D0EA}"
EndProject
Global
	GlobalSection(SolutionConfigurationPlatforms) = preSolution
		Debug|Any CPU = Debug|Any CPU
		Release|Any CPU = Release|Any CPU
	EndGlobalSection
	GlobalSection(ProjectConfigurationPlatforms) = postSolution
		{930FB46F-481C-4545-8CB7-FCCE0469D0EA}.Debug|Any CPU.ActiveCfg = Debug|Any CPU
		{930FB46F-481C-4545-8CB7-FCCE0469D0EA}.Debug|Any CPU.Build.0 = Debug|Any CPU
		{930FB46F-481C-4545-8CB7-FCCE0469D0EA}.Release|Any CPU.ActiveCfg = Release|Any CPU
		{930FB46F-481C-4545-8CB7-FCCE0469D0EA}.Release|Any CPU.Build.0 = Release|Any CPU
	EndGlobalSection
	GlobalSection(SolutionProperties) = preSolution
		HideSolutionNode = FALSE
	EndGlobalSection
	GlobalSection(ExtensibilityGlobals) = postSolution
		SolutionGuid = {B119E5B6-8A33-4F75-A11F-1B9684DD4D89}
	EndGlobalSection
EndGlobal
